
Microsoft Visual Studio Solution File, Format Version 12.00
# Visual Studio 15
VisualStudioVersion = 15.0.28307.645
MinimumVisualStudioVersion = 10.0.40219.1
Project("{FAE04EC0-301F-11D3-BF4B-00C04F79EFBC}") = "AutoBlankMapBuilder", "AutoBlankMapBuilder\AutoBlankMapBuilder.csproj", "{1BCE9B90-D48D-400B-97C5-B3ED7D449524}"
EndProject
Global
	GlobalSection(SolutionConfigurationPlatforms) = preSolution
		Debug|Any CPU = Debug|Any CPU
		Release|Any CPU = Release|Any CPU
	EndGlobalSection
	GlobalSection(ProjectConfigurationPlatforms) = postSolution
		{1BCE9B90-D48D-400B-97C5-B3ED7D449524}.Debug|Any CPU.ActiveCfg = Debug|Any CPU
		{1BCE9B90-D48D-400B-97C5-B3ED7D449524}.Debug|Any CPU.Build.0 = Debug|Any CPU
		{1BCE9B90-D48D-400B-97C5-B3ED7D449524}.Release|Any CPU.ActiveCfg = Release|Any CPU
		{1BCE9B90-D48D-400B-97C5-B3ED7D449524}.Release|Any CPU.Build.0 = Release|Any CPU
	EndGlobalSection
	GlobalSection(SolutionProperties) = preSolution
		HideSolutionNode = FALSE
	EndGlobalSection
	GlobalSection(ExtensibilityGlobals) = postSolution
		SolutionGuid = {ADCACAAC-96BD-43B2-A346-41F13CFA72DB}
	EndGlobalSection
EndGlobal
